
Microsoft Visual Studio Solution File, Format Version 12.00
# Visual Studio Version 17
VisualStudioVersion = 17.8.34309.116
MinimumVisualStudioVersion = 10.0.40219.1
Project("{2150E333-8FDC-42A3-9474-1A3956D46DE8}") = "src", "src", "{32399038-7DEA-42AC-885B-D3094062055D}"
EndProject
Project("{9A19103F-16F7-4668-BE54-9A1E7A4F7556}") = "Byndyusoft.Net.YandexAuth", "src\Byndyusoft.Net.YandexAuth.csproj", "{C3DB53A5-73EA-409D-8612-A56E445BD7D1}"
EndProject
Project("{2150E333-8FDC-42A3-9474-1A3956D46DE8}") = "Solution Items", "Solution Items", "{25F37D49-0C81-4224-8FD2-56DC9BE9250F}"
	ProjectSection(SolutionItems) = preProject
		README.md = README.md
	EndProjectSection
EndProject
Global
	GlobalSection(SolutionConfigurationPlatforms) = preSolution
		Debug|Any CPU = Debug|Any CPU
		Release|Any CPU = Release|Any CPU
	EndGlobalSection
	GlobalSection(ProjectConfigurationPlatforms) = postSolution
		{C3DB53A5-73EA-409D-8612-A56E445BD7D1}.Debug|Any CPU.ActiveCfg = Debug|Any CPU
		{C3DB53A5-73EA-409D-8612-A56E445BD7D1}.Debug|Any CPU.Build.0 = Debug|Any CPU
		{C3DB53A5-73EA-409D-8612-A56E445BD7D1}.Release|Any CPU.ActiveCfg = Release|Any CPU
		{C3DB53A5-73EA-409D-8612-A56E445BD7D1}.Release|Any CPU.Build.0 = Release|Any CPU
	EndGlobalSection
	GlobalSection(SolutionProperties) = preSolution
		HideSolutionNode = FALSE
	EndGlobalSection
	GlobalSection(NestedProjects) = preSolution
		{C3DB53A5-73EA-409D-8612-A56E445BD7D1} = {32399038-7DEA-42AC-885B-D3094062055D}
	EndGlobalSection
	GlobalSection(ExtensibilityGlobals) = postSolution
		SolutionGuid = {006E2361-8713-456D-BFE4-80EB459782C9}
	EndGlobalSection
EndGlobal
